
Microsoft Visual Studio Solution File, Format Version 12.00
# Visual Studio Version 17
VisualStudioVersion = 17.4.33213.308
MinimumVisualStudioVersion = 10.0.40219.1
Project("{888888A0-9F3D-457C-B088-3A5042F75D52}") = "CatalogSearchContext", "CatalogSearchContext.pyproj", "{7AE8186E-A40D-4F17-B23F-6F2D169EFC87}"
EndProject
Global
	GlobalSection(SolutionConfigurationPlatforms) = preSolution
		Debug|Any CPU = Debug|Any CPU
		Release|Any CPU = Release|Any CPU
	EndGlobalSection
	GlobalSection(ProjectConfigurationPlatforms) = postSolution
		{7AE8186E-A40D-4F17-B23F-6F2D169EFC87}.Debug|Any CPU.ActiveCfg = Debug|Any CPU
		{7AE8186E-A40D-4F17-B23F-6F2D169EFC87}.Release|Any CPU.ActiveCfg = Release|Any CPU
	EndGlobalSection
	GlobalSection(SolutionProperties) = preSolution
		HideSolutionNode = FALSE
	EndGlobalSection
	GlobalSection(ExtensibilityGlobals) = postSolution
		SolutionGuid = {E6650956-16E6-4BB4-AB09-3438E13940CD}
	EndGlobalSection
EndGlobal
